
Microsoft Visual Studio Solution File, Format Version 12.00
# Visual Studio Version 17
VisualStudioVersion = 17.4.33110.190
MinimumVisualStudioVersion = 10.0.40219.1
Project("{FAE04EC0-301F-11D3-BF4B-00C04F79EFBC}") = "BitcoraDeControl", "BitcoraDeControl\BitcoraDeControl.csproj", "{008EE5E5-980E-4743-A465-0C46D842DAD7}"
EndProject
Global
	GlobalSection(SolutionConfigurationPlatforms) = preSolution
		Debug|Any CPU = Debug|Any CPU
		Release|Any CPU = Release|Any CPU
	EndGlobalSection
	GlobalSection(ProjectConfigurationPlatforms) = postSolution
		{008EE5E5-980E-4743-A465-0C46D842DAD7}.Debug|Any CPU.ActiveCfg = Debug|Any CPU
		{008EE5E5-980E-4743-A465-0C46D842DAD7}.Debug|Any CPU.Build.0 = Debug|Any CPU
		{008EE5E5-980E-4743-A465-0C46D842DAD7}.Release|Any CPU.ActiveCfg = Release|Any CPU
		{008EE5E5-980E-4743-A465-0C46D842DAD7}.Release|Any CPU.Build.0 = Release|Any CPU
	EndGlobalSection
	GlobalSection(SolutionProperties) = preSolution
		HideSolutionNode = FALSE
	EndGlobalSection
	GlobalSection(ExtensibilityGlobals) = postSolution
		SolutionGuid = {B6FB0AC7-41D8-462B-9435-E50E59F38290}
	EndGlobalSection
EndGlobal
